{
  "name": "hmi-face-rig",
  "version": "1.0.0",
  "lockfileVersion": 3,
  "requires": true,
  "packages": {
    "": {
      "name": "hmi-face-rig",
      "version": "1.0.0",
      "license": "ISC",
      "dependencies": {
        "form-data": "^4.0.5",
        "node-edge-tts": "^1.2.10",
        "vrm-mixamo-retarget": "^1.0.3"
      }
    },
    "node_modules/@pixiv/three-vrm": {
      "version": "3.4.5",
      "resolved": "https://registry.npmjs.org/@pixiv/three-vrm/-/three-vrm-3.4.5.tgz",
      "integrity": "sha512-LbdlsLG2b4hvgjfUKObkl/wxkBeTwIqHJsPJMJTO4JU7mQ3KUwcwdclzoqW6ipQfz2e/QAsv+IzF40pGwaYSnA==",
      "license": "MIT",
      "peer": true,
      "dependencies": {
        "@pixiv/three-vrm-core": "3.4.5",
        "@pixiv/three-vrm-materials-hdr-emissive-multiplier": "3.4.5",
        "@pixiv/three-vrm-materials-mtoon": "3.4.5",
        "@pixiv/three-vrm-materials-v0compat": "3.4.5",
        "@pixiv/three-vrm-node-constraint": "3.4.5",
        "@pixiv/three-vrm-springbone": "3.4.5"
      },
      "peerDependencies": {
        "three": ">=0.137"
      }
    },
    "node_modules/@pixiv/three-vrm-core": {
      "version": "3.4.5",
      "resolved": "https://registry.npmjs.org/@pixiv/three-vrm-core/-/three-vrm-core-3.4.5.tgz",
      "integrity": "sha512-w52JUwNUbeuGBLqc7/wVMGrN2jgyz67kQ3OplFT4ACF9qlepALXwUBrQJPlkf1Qtqrfbdd50kYJTQ2EO4m8Ang==",
      "license": "MIT",
      "peer": true,
      "dependencies": {
        "@pixiv/types-vrm-0.0": "3.4.5",
        "@pixiv/types-vrmc-vrm-1.0": "3.4.5"
      },
      "peerDependencies": {
        "three": ">=0.137"
      }
    },
    "node_modules/@pixiv/three-vrm-materials-hdr-emissive-multiplier": {
      "version": "3.4.5",
      "resolved": "https://registry.npmjs.org/@pixiv/three-vrm-materials-hdr-emissive-multiplier/-/three-vrm-materials-hdr-emissive-multiplier-3.4.5.tgz",
      "integrity": "sha512-nFC1Cmc6oBmTaLBVBmvYTk1qDT+YOuCD/0P6AK6BPTG+zypMdJ1Cj2aTNjDK6Sx0NCrOdWUZ1sh0CITDcKsOFg==",
      "license": "MIT",
      "peer": true,
      "dependencies": {
        "@pixiv/types-vrmc-materials-hdr-emissive-multiplier-1.0": "3.4.5"
      },
      "peerDependencies": {
        "three": ">=0.137"
      }
    },
    "node_modules/@pixiv/three-vrm-materials-mtoon": {
      "version": "3.4.5",
      "resolved": "https://registry.npmjs.org/@pixiv/three-vrm-materials-mtoon/-/three-vrm-materials-mtoon-3.4.5.tgz",
      "integrity": "sha512-3f4b4dFu+zg6ZmpJsRDLFBwRczS5AeBjRP2SLRbYNg9/WfqhiwB1S6BqB44cUI4jY92MgCeWOztYgtjuDx9RGQ==",
      "license": "MIT",
      "peer": true,
      "dependencies": {
        "@pixiv/types-vrm-0.0": "3.4.5",
        "@pixiv/types-vrmc-materials-mtoon-1.0": "3.4.5"
      },
      "peerDependencies": {
        "three": ">=0.137"
      }
    },
    "node_modules/@pixiv/three-vrm-materials-v0compat": {
      "version": "3.4.5",
      "resolved": "https://registry.npmjs.org/@pixiv/three-vrm-materials-v0compat/-/three-vrm-materials-v0compat-3.4.5.tgz",
      "integrity": "sha512-zCGr60qT8sPBKqle2SptGqy0novxXb4LtIBPunDwfIDDkg0pt0WxRcWTCEHMRI+FiEfy1fwV6qTO0Aeev+Q6vw==",
      "license": "MIT",
      "peer": true,
      "dependencies": {
        "@pixiv/types-vrm-0.0": "3.4.5",
        "@pixiv/types-vrmc-materials-mtoon-1.0": "3.4.5"
      },
      "peerDependencies": {
        "three": ">=0.137"
      }
    },
    "node_modules/@pixiv/three-vrm-node-constraint": {
      "version": "3.4.5",
      "resolved": "https://registry.npmjs.org/@pixiv/three-vrm-node-constraint/-/three-vrm-node-constraint-3.4.5.tgz",
      "integrity": "sha512-E7G0qFVYRxib52Ksrz0XpC8+hCC7IOHFniN5ka+Gplo1j60zly2pkEZdN7t8a2zq0F9Ofe5KaESp2EJy4PnkFw==",
      "license": "MIT",
      "peer": true,
      "dependencies": {
        "@pixiv/types-vrmc-node-constraint-1.0": "3.4.5"
      },
      "peerDependencies": {
        "three": ">=0.137"
      }
    },
    "node_modules/@pixiv/three-vrm-springbone": {
      "version": "3.4.5",
      "resolved": "https://registry.npmjs.org/@pixiv/three-vrm-springbone/-/three-vrm-springbone-3.4.5.tgz",
      "integrity": "sha512-AHmSeoWY1QHTUa6kKkyPDVVsQm1uRpaUxL8l6JsrONUCReZRPo4oGwyOkipY3zKIF76n9pP7q3DE07qwlqhAFQ==",
      "license": "MIT",
      "peer": true,
      "dependencies": {
        "@pixiv/types-vrm-0.0": "3.4.5",
        "@pixiv/types-vrmc-springbone-1.0": "3.4.5",
        "@pixiv/types-vrmc-springbone-extended-collider-1.0": "3.4.5"
      },
      "peerDependencies": {
        "three": ">=0.137"
      }
    },
    "node_modules/@pixiv/types-vrm-0.0": {
      "version": "3.4.5",
      "resolved": "https://registry.npmjs.org/@pixiv/types-vrm-0.0/-/types-vrm-0.0-3.4.5.tgz",
      "integrity": "sha512-hVTxAaEBEQoheNDt6KcFoSx6dGDF3L8a7MeNdubHEHKJWWS0YaLtPISDScdoX/5sXPVu+sjBLsRCHX7R5Vgi4A==",
      "license": "MIT",
      "peer": true
    },
    "node_modules/@pixiv/types-vrmc-materials-hdr-emissive-multiplier-1.0": {
      "version": "3.4.5",
      "resolved": "https://registry.npmjs.org/@pixiv/types-vrmc-materials-hdr-emissive-multiplier-1.0/-/types-vrmc-materials-hdr-emissive-multiplier-1.0-3.4.5.tgz",
      "integrity": "sha512-6LFX8XI52OT90RfNueCuJRE1WXugtdvFkagkmLvTFNenROWUJn54cZzwmqfzDcDaD2oVzRFjrJRrqFc6vfe91A==",
      "license": "MIT",
      "peer": true
    },
    "node_modules/@pixiv/types-vrmc-materials-mtoon-1.0": {
      "version": "3.4.5",
      "resolved": "https://registry.npmjs.org/@pixiv/types-vrmc-materials-mtoon-1.0/-/types-vrmc-materials-mtoon-1.0-3.4.5.tgz",
      "integrity": "sha512-2evuadidd+X+3RuTnytNqoEq6Fk/O1VnnrpidFt44oPUL5SlVBKWMRyNfogXuUPBZnkZMdGIfUt9i20yoIImwQ==",
      "license": "MIT",
      "peer": true
    },
    "node_modules/@pixiv/types-vrmc-node-constraint-1.0": {
      "version": "3.4.5",
      "resolved": "https://registry.npmjs.org/@pixiv/types-vrmc-node-constraint-1.0/-/types-vrmc-node-constraint-1.0-3.4.5.tgz",
      "integrity": "sha512-+LvtUqy3o2Ua1xablpId3Mby5ieTICGV+Mmi5fLNa/gkW1XhFk5ZDdfkv5r2dUjU0XkJsATrHFEROkSst6j2uQ==",
      "license": "MIT",
      "peer": true
    },
    "node_modules/@pixiv/types-vrmc-springbone-1.0": {
      "version": "3.4.5",
      "resolved": "https://registry.npmjs.org/@pixiv/types-vrmc-springbone-1.0/-/types-vrmc-springbone-1.0-3.4.5.tgz",
      "integrity": "sha512-D/notEbNfGEuE+5Nia8RfTRAYHx8RSO8vJGnTbDM3/O7v6rr2XR62hwDjQda7mh2JL2oQKM3U2E1Fvx4shQaLA==",
      "license": "MIT",
      "peer": true
    },
    "node_modules/@pixiv/types-vrmc-springbone-extended-collider-1.0": {
      "version": "3.4.5",
      "resolved": "https://registry.npmjs.org/@pixiv/types-vrmc-springbone-extended-collider-1.0/-/types-vrmc-springbone-extended-collider-1.0-3.4.5.tgz",
      "integrity": "sha512-e/dTjBwHCDpUE//FmSMkcDrXKl9iY8Tr3QNxQrWZDHKNvPoGvNvjsFsSjtVBniZe9FsVI7gou1qIZbdULE1jIg==",
      "license": "MIT",
      "peer": true
    },
    "node_modules/@pixiv/types-vrmc-vrm-1.0": {
      "version": "3.4.5",
      "resolved": "https://registry.npmjs.org/@pixiv/types-vrmc-vrm-1.0/-/types-vrmc-vrm-1.0-3.4.5.tgz",
      "integrity": "sha512-6OIA1IinZ7h8DdxW8aToWowfHgr8qJ31cx2so7Tdj65eOIi59ohvskbWy3SFDG9Zt2tvN/M7Rr9W2rkb8LMFUA==",
      "license": "MIT",
      "peer": true
    },
    "node_modules/agent-base": {
      "version": "7.1.4",
      "resolved": "https://registry.npmjs.org/agent-base/-/agent-base-7.1.4.tgz",
      "integrity": "sha512-MnA+YT8fwfJPgBx3m60MNqakm30XOkyIoH1y6huTQvC0PwZG7ki8NacLBcrPbNoo8vEZy7Jpuk7+jMO+CUovTQ==",
      "license": "MIT",
      "engines": {
        "node": ">= 14"
      }
    },
    "node_modules/ansi-regex": {
      "version": "5.0.1",
      "resolved": "https://registry.npmjs.org/ansi-regex/-/ansi-regex-5.0.1.tgz",
      "integrity": "sha512-quJQXlTSUGL2LH9SUXo8VwsY4soanhgo6LNSm84E1LBcE8s3O0wpdiRzyR9z/ZZJMlMWv37qOOb9pdJlMUEKFQ==",
      "license": "MIT",
      "engines": {
        "node": ">=8"
      }
    },
    "node_modules/ansi-styles": {
      "version": "4.3.0",
      "resolved": "https://registry.npmjs.org/ansi-styles/-/ansi-styles-4.3.0.tgz",
      "integrity": "sha512-zbB9rCJAT1rbjiVDb2hqKFHNYLxgtk8NURxZ3IZwD3F6NtxbXZQCnnSi1Lkx+IDohdPlFp222wVALIheZJQSEg==",
      "license": "MIT",
      "dependencies": {
        "color-convert": "^2.0.1"
      },
      "engines": {
        "node": ">=8"
      },
      "funding": {
        "url": "https://github.com/chalk/ansi-styles?sponsor=1"
      }
    },
    "node_modules/asynckit": {
      "version": "0.4.0",
      "resolved": "https://registry.npmjs.org/asynckit/-/asynckit-0.4.0.tgz",
      "integrity": "sha512-Oei9OH4tRh0YqU3GxhX79dM/mwVgvbZJaSNaRk+bshkj0S5cfHcgYakreBjrHwatXKbz+IoIdYLxrKim2MjW0Q==",
      "license": "MIT"
    },
    "node_modules/call-bind-apply-helpers": {
      "version": "1.0.2",
      "resolved": "https://registry.npmjs.org/call-bind-apply-helpers/-/call-bind-apply-helpers-1.0.2.tgz",
      "integrity": "sha512-Sp1ablJ0ivDkSzjcaJdxEunN5/XvksFJ2sMBFfq6x0ryhQV/2b/KwFe21cMpmHtPOSij8K99/wSfoEuTObmuMQ==",
      "license": "MIT",
      "dependencies": {
        "es-errors": "^1.3.0",
        "function-bind": "^1.1.2"
      },
      "engines": {
        "node": ">= 0.4"
      }
    },
    "node_modules/cliui": {
      "version": "8.0.1",
      "resolved": "https://registry.npmjs.org/cliui/-/cliui-8.0.1.tgz",
      "integrity": "sha512-BSeNnyus75C4//NQ9gQt1/csTXyo/8Sb+afLAkzAptFuMsod9HFokGNudZpi/oQV73hnVK+sR+5PVRMd+Dr7YQ==",
      "license": "ISC",
      "dependencies": {
        "string-width": "^4.2.0",
        "strip-ansi": "^6.0.1",
        "wrap-ansi": "^7.0.0"
      },
      "engines": {
        "node": ">=12"
      }
    },
    "node_modules/color-convert": {
      "version": "2.0.1",
      "resolved": "https://registry.npmjs.org/color-convert/-/color-convert-2.0.1.tgz",
      "integrity": "sha512-RRECPsj7iu/xb5oKYcsFHSppFNnsj/52OVTRKb4zP5onXwVF3zVmmToNcOfGC+CRDpfK/U584fMg38ZHCaElKQ==",
      "license": "MIT",
      "dependencies": {
        "color-name": "~1.1.4"
      },
      "engines": {
        "node": ">=7.0.0"
      }
    },
    "node_modules/color-name": {
      "version": "1.1.4",
      "resolved": "https://registry.npmjs.org/color-name/-/color-name-1.1.4.tgz",
      "integrity": "sha512-dOy+3AuW3a2wNbZHIuMZpTcgjGuLU/uBL/ubcZF9OXbDo8ff4O8yVp5Bf0efS8uEoYo5q4Fx7dY9OgQGXgAsQA==",
      "license": "MIT"
    },
    "node_modules/combined-stream": {
      "version": "1.0.8",
      "resolved": "https://registry.npmjs.org/combined-stream/-/combined-stream-1.0.8.tgz",
      "integrity": "sha512-FQN4MRfuJeHf7cBbBMJFXhKSDq+2kAArBlmRBvcvFE5BB1HZKXtSFASDhdlz9zOYwxh8lDdnvmMOe/+5cdoEdg==",
      "license": "MIT",
      "dependencies": {
        "delayed-stream": "~1.0.0"
      },
      "engines": {
        "node": ">= 0.8"
      }
    },
    "node_modules/debug": {
      "version": "4.4.3",
      "resolved": "https://registry.npmjs.org/debug/-/debug-4.4.3.tgz",
      "integrity": "sha512-RGwwWnwQvkVfavKVt22FGLw+xYSdzARwm0ru6DhTVA3umU5hZc28V3kO4stgYryrTlLpuvgI9GiijltAjNbcqA==",
      "license": "MIT",
      "dependencies": {
        "ms": "^2.1.3"
      },
      "engines": {
        "node": ">=6.0"
      },
      "peerDependenciesMeta": {
        "supports-color": {
          "optional": true
        }
      }
    },
    "node_modules/delayed-stream": {
      "version": "1.0.0",
      "resolved": "https://registry.npmjs.org/delayed-stream/-/delayed-stream-1.0.0.tgz",
      "integrity": "sha512-ZySD7Nf91aLB0RxL4KGrKHBXl7Eds1DAmEdcoVawXnLD7SDhpNgtuII2aAkg7a7QS41jxPSZ17p4VdGnMHk3MQ==",
      "license": "MIT",
      "engines": {
        "node": ">=0.4.0"
      }
    },
    "node_modules/dunder-proto": {
      "version": "1.0.1",
      "resolved": "https://registry.npmjs.org/dunder-proto/-/dunder-proto-1.0.1.tgz",
      "integrity": "sha512-KIN/nDJBQRcXw0MLVhZE9iQHmG68qAVIBg9CqmUYjmQIhgij9U5MFvrqkUL5FbtyyzZuOeOt0zdeRe4UY7ct+A==",
      "license": "MIT",
      "dependencies": {
        "call-bind-apply-helpers": "^1.0.1",
        "es-errors": "^1.3.0",
        "gopd": "^1.2.0"
      },
      "engines": {
        "node": ">= 0.4"
      }
    },
    "node_modules/emoji-regex": {
      "version": "8.0.0",
      "resolved": "https://registry.npmjs.org/emoji-regex/-/emoji-regex-8.0.0.tgz",
      "integrity": "sha512-MSjYzcWNOA0ewAHpz0MxpYFvwg6yjy1NG3xteoqz644VCo/RPgnr1/GGt+ic3iJTzQ8Eu3TdM14SawnVUmGE6A==",
      "license": "MIT"
    },
    "node_modules/es-define-property": {
      "version": "1.0.1",
      "resolved": "https://registry.npmjs.org/es-define-property/-/es-define-property-1.0.1.tgz",
      "integrity": "sha512-e3nRfgfUZ4rNGL232gUgX06QNyyez04KdjFrF+LTRoOXmrOgFKDg4BCdsjW8EnT69eqdYGmRpJwiPVYNrCaW3g==",
      "license": "MIT",
      "engines": {
        "node": ">= 0.4"
      }
    },
    "node_modules/es-errors": {
      "version": "1.3.0",
      "resolved": "https://registry.npmjs.org/es-errors/-/es-errors-1.3.0.tgz",
      "integrity": "sha512-Zf5H2Kxt2xjTvbJvP2ZWLEICxA6j+hAmMzIlypy4xcBg1vKVnx89Wy0GbS+kf5cwCVFFzdCFh2XSCFNULS6csw==",
      "license": "MIT",
      "engines": {
        "node": ">= 0.4"
      }
    },
    "node_modules/es-object-atoms": {
      "version": "1.1.1",
      "resolved": "https://registry.npmjs.org/es-object-atoms/-/es-object-atoms-1.1.1.tgz",
      "integrity": "sha512-FGgH2h8zKNim9ljj7dankFPcICIK9Cp5bm+c2gQSYePhpaG5+esrLODihIorn+Pe6FGJzWhXQotPv73jTaldXA==",
      "license": "MIT",
      "dependencies": {
        "es-errors": "^1.3.0"
      },
      "engines": {
        "node": ">= 0.4"
      }
    },
    "node_modules/es-set-tostringtag": {
      "version": "2.1.0",
      "resolved": "https://registry.npmjs.org/es-set-tostringtag/-/es-set-tostringtag-2.1.0.tgz",
      "integrity": "sha512-j6vWzfrGVfyXxge+O0x5sh6cvxAog0a/4Rdd2K36zCMV5eJ+/+tOAngRO8cODMNWbVRdVlmGZQL2YS3yR8bIUA==",
      "license": "MIT",
      "dependencies": {
        "es-errors": "^1.3.0",
        "get-intrinsic": "^1.2.6",
        "has-tostringtag": "^1.0.2",
        "hasown": "^2.0.2"
      },
      "engines": {
        "node": ">= 0.4"
      }
    },
    "node_modules/escalade": {
      "version": "3.2.0",
      "resolved": "https://registry.npmjs.org/escalade/-/escalade-3.2.0.tgz",
      "integrity": "sha512-WUj2qlxaQtO4g6Pq5c29GTcWGDyd8itL8zTlipgECz3JesAiiOKotd8JU6otB3PACgG6xkJUyVhboMS+bje/jA==",
      "license": "MIT",
      "engines": {
        "node": ">=6"
      }
    },
    "node_modules/form-data": {
      "version": "4.0.5",
      "resolved": "https://registry.npmjs.org/form-data/-/form-data-4.0.5.tgz",
      "integrity": "sha512-8RipRLol37bNs2bhoV67fiTEvdTrbMUYcFTiy3+wuuOnUog2QBHCZWXDRijWQfAkhBj2Uf5UnVaiWwA5vdd82w==",
      "license": "MIT",
      "dependencies": {
        "asynckit": "^0.4.0",
        "combined-stream": "^1.0.8",
        "es-set-tostringtag": "^2.1.0",
        "hasown": "^2.0.2",
        "mime-types": "^2.1.12"
      },
      "engines": {
        "node": ">= 6"
      }
    },
    "node_modules/function-bind": {
      "version": "1.1.2",
      "resolved": "https://registry.npmjs.org/function-bind/-/function-bind-1.1.2.tgz",
      "integrity": "sha512-7XHNxH7qX9xG5mIwxkhumTox/MIRNcOgDrxWsMt2pAr23WHp6MrRlN7FBSFpCpr+oVO0F744iUgR82nJMfG2SA==",
      "license": "MIT",
      "funding": {
        "url": "https://github.com/sponsors/ljharb"
      }
    },
    "node_modules/get-caller-file": {
      "version": "2.0.5",
      "resolved": "https://registry.npmjs.org/get-caller-file/-/get-caller-file-2.0.5.tgz",
      "integrity": "sha512-DyFP3BM/3YHTQOCUL/w0OZHR0lpKeGrxotcHWcqNEdnltqFwXVfhEBQ94eIo34AfQpo0rGki4cyIiftY06h2Fg==",
      "license": "ISC",
      "engines": {
        "node": "6.* || 8.* || >= 10.*"
      }
    },
    "node_modules/get-intrinsic": {
      "version": "1.3.0",
      "resolved": "https://registry.npmjs.org/get-intrinsic/-/get-intrinsic-1.3.0.tgz",
      "integrity": "sha512-9fSjSaos/fRIVIp+xSJlE6lfwhES7LNtKaCBIamHsjr2na1BiABJPo0mOjjz8GJDURarmCPGqaiVg5mfjb98CQ==",
      "license": "MIT",
      "dependencies": {
        "call-bind-apply-helpers": "^1.0.2",
        "es-define-property": "^1.0.1",
        "es-errors": "^1.3.0",
        "es-object-atoms": "^1.1.1",
        "function-bind": "^1.1.2",
        "get-proto": "^1.0.1",
        "gopd": "^1.2.0",
        "has-symbols": "^1.1.0",
        "hasown": "^2.0.2",
        "math-intrinsics": "^1.1.0"
      },
      "engines": {
        "node": ">= 0.4"
      },
      "funding": {
        "url": "https://github.com/sponsors/ljharb"
      }
    },
    "node_modules/get-proto": {
      "version": "1.0.1",
      "resolved": "https://registry.npmjs.org/get-proto/-/get-proto-1.0.1.tgz",
      "integrity": "sha512-sTSfBjoXBp89JvIKIefqw7U2CCebsc74kiY6awiGogKtoSGbgjYE/G/+l9sF3MWFPNc9IcoOC4ODfKHfxFmp0g==",
      "license": "MIT",
      "dependencies": {
        "dunder-proto": "^1.0.1",
        "es-object-atoms": "^1.0.0"
      },
      "engines": {
        "node": ">= 0.4"
      }
    },
    "node_modules/gopd": {
      "version": "1.2.0",
      "resolved": "https://registry.npmjs.org/gopd/-/gopd-1.2.0.tgz",
      "integrity": "sha512-ZUKRh6/kUFoAiTAtTYPZJ3hw9wNxx+BIBOijnlG9PnrJsCcSjs1wyyD6vJpaYtgnzDrKYRSqf3OO6Rfa93xsRg==",
      "license": "MIT",
      "engines": {
        "node": ">= 0.4"
      },
      "funding": {
        "url": "https://github.com/sponsors/ljharb"
      }
    },
    "node_modules/has-symbols": {
      "version": "1.1.0",
      "resolved": "https://registry.npmjs.org/has-symbols/-/has-symbols-1.1.0.tgz",
      "integrity": "sha512-1cDNdwJ2Jaohmb3sg4OmKaMBwuC48sYni5HUw2DvsC8LjGTLK9h+eb1X6RyuOHe4hT0ULCW68iomhjUoKUqlPQ==",
      "license": "MIT",
      "engines": {
        "node": ">= 0.4"
      },
      "funding": {
        "url": "https://github.com/sponsors/ljharb"
      }
    },
    "node_modules/has-tostringtag": {
      "version": "1.0.2",
      "resolved": "https://registry.npmjs.org/has-tostringtag/-/has-tostringtag-1.0.2.tgz",
      "integrity": "sha512-NqADB8VjPFLM2V0VvHUewwwsw0ZWBaIdgo+ieHtK3hasLz4qeCRjYcqfB6AQrBggRKppKF8L52/VqdVsO47Dlw==",
      "license": "MIT",
      "dependencies": {
        "has-symbols": "^1.0.3"
      },
      "engines": {
        "node": ">= 0.4"
      },
      "funding": {
        "url": "https://github.com/sponsors/ljharb"
      }
    },
    "node_modules/hasown": {
      "version": "2.0.2",
      "resolved": "https://registry.npmjs.org/hasown/-/hasown-2.0.2.tgz",
      "integrity": "sha512-0hJU9SCPvmMzIBdZFqNPXWa6dqh7WdH0cII9y+CyS8rG3nL48Bclra9HmKhVVUHyPWNH5Y7xDwAB7bfgSjkUMQ==",
      "license": "MIT",
      "dependencies": {
        "function-bind": "^1.1.2"
      },
      "engines": {
        "node": ">= 0.4"
      }
    },
    "node_modules/https-proxy-agent": {
      "version": "7.0.6",
      "resolved": "https://registry.npmjs.org/https-proxy-agent/-/https-proxy-agent-7.0.6.tgz",
      "integrity": "sha512-vK9P5/iUfdl95AI+JVyUuIcVtd4ofvtrOr3HNtM2yxC9bnMbEdp3x01OhQNnjb8IJYi38VlTE3mBXwcfvywuSw==",
      "license": "MIT",
      "dependencies": {
        "agent-base": "^7.1.2",
        "debug": "4"
      },
      "engines": {
        "node": ">= 14"
      }
    },
    "node_modules/is-fullwidth-code-point": {
      "version": "3.0.0",
      "resolved": "https://registry.npmjs.org/is-fullwidth-code-point/-/is-fullwidth-code-point-3.0.0.tgz",
      "integrity": "sha512-zymm5+u+sCsSWyD9qNaejV3DFvhCKclKdizYaJUuHA83RLjb7nSuGnddCHGv0hk+KY7BMAlsWeK4Ueg6EV6XQg==",
      "license": "MIT",
      "engines": {
        "node": ">=8"
      }
    },
    "node_modules/math-intrinsics": {
      "version": "1.1.0",
      "resolved": "https://registry.npmjs.org/math-intrinsics/-/math-intrinsics-1.1.0.tgz",
      "integrity": "sha512-/IXtbwEk5HTPyEwyKX6hGkYXxM9nbj64B+ilVJnC/R6B0pH5G4V3b0pVbL7DBj4tkhBAppbQUlf6F6Xl9LHu1g==",
      "license": "MIT",
      "engines": {
        "node": ">= 0.4"
      }
    },
    "node_modules/mime-db": {
      "version": "1.52.0",
      "resolved": "https://registry.npmjs.org/mime-db/-/mime-db-1.52.0.tgz",
      "integrity": "sha512-sPU4uV7dYlvtWJxwwxHD0PuihVNiE7TyAbQ5SWxDCB9mUYvOgroQOwYQQOKPJ8CIbE+1ETVlOoK1UC2nU3gYvg==",
      "license": "MIT",
      "engines": {
        "node": ">= 0.6"
      }
    },
    "node_modules/mime-types": {
      "version": "2.1.35",
      "resolved": "https://registry.npmjs.org/mime-types/-/mime-types-2.1.35.tgz",
      "integrity": "sha512-ZDY+bPm5zTTF+YpCrAU9nK0UgICYPT0QtT1NZWFv4s++TNkcgVaT0g6+4R2uI4MjQjzysHB1zxuWL50hzaeXiw==",
      "license": "MIT",
      "dependencies": {
        "mime-db": "1.52.0"
      },
      "engines": {
        "node": ">= 0.6"
      }
    },
    "node_modules/ms": {
      "version": "2.1.3",
      "resolved": "https://registry.npmjs.org/ms/-/ms-2.1.3.tgz",
      "integrity": "sha512-6FlzubTLZG3J2a/NVCAleEhjzq5oxgHyaCU9yYXvcLsvoVaHJq/s5xXI6/XXP6tz7R9xAOtHnSO/tXtF3WRTlA==",
      "license": "MIT"
    },
    "node_modules/node-edge-tts": {
      "version": "1.2.10",
      "resolved": "https://registry.npmjs.org/node-edge-tts/-/node-edge-tts-1.2.10.tgz",
      "integrity": "sha512-bV2i4XU54D45+US0Zm1HcJRkifuB3W438dWyuJEHLQdKxnuqlI1kim2MOvR6Q3XUQZvfF9PoDyR1Rt7aeXhPdQ==",
      "license": "MIT",
      "dependencies": {
        "https-proxy-agent": "^7.0.1",
        "ws": "^8.13.0",
        "yargs": "^17.7.2"
      },
      "bin": {
        "node-edge-tts": "bin.js"
      }
    },
    "node_modules/require-directory": {
      "version": "2.1.1",
      "resolved": "https://registry.npmjs.org/require-directory/-/require-directory-2.1.1.tgz",
      "integrity": "sha512-fGxEI7+wsG9xrvdjsrlmL22OMTTiHRwAMroiEeMgq8gzoLC/PQr7RsRDSTLUg/bZAZtF+TVIkHc6/4RIKrui+Q==",
      "license": "MIT",
      "engines": {
        "node": ">=0.10.0"
      }
    },
    "node_modules/string-width": {
      "version": "4.2.3",
      "resolved": "https://registry.npmjs.org/string-width/-/string-width-4.2.3.tgz",
      "integrity": "sha512-wKyQRQpjJ0sIp62ErSZdGsjMJWsap5oRNihHhu6G7JVO/9jIB6UyevL+tXuOqrng8j/cxKTWyWUwvSTriiZz/g==",
      "license": "MIT",
      "dependencies": {
        "emoji-regex": "^8.0.0",
        "is-fullwidth-code-point": "^3.0.0",
        "strip-ansi": "^6.0.1"
      },
      "engines": {
        "node": ">=8"
      }
    },
    "node_modules/strip-ansi": {
      "version": "6.0.1",
      "resolved": "https://registry.npmjs.org/strip-ansi/-/strip-ansi-6.0.1.tgz",
      "integrity": "sha512-Y38VPSHcqkFrCpFnQ9vuSXmquuv5oXOKpGeT6aGrr3o3Gc9AlVa6JBfUSOCnbxGGZF+/0ooI7KrPuUSztUdU5A==",
      "license": "MIT",
      "dependencies": {
        "ansi-regex": "^5.0.1"
      },
      "engines": {
        "node": ">=8"
      }
    },
    "node_modules/three": {
      "version": "0.183.1",
      "resolved": "https://registry.npmjs.org/three/-/three-0.183.1.tgz",
      "integrity": "sha512-Psv6bbd3d/M/01MT2zZ+VmD0Vj2dbWTNhfe4CuSg7w5TuW96M3NOyCVuh9SZQ05CpGmD7NEcJhZw4GVjhCYxfQ==",
      "license": "MIT",
      "peer": true
    },
    "node_modules/vrm-mixamo-retarget": {
      "version": "1.0.3",
      "resolved": "https://registry.npmjs.org/vrm-mixamo-retarget/-/vrm-mixamo-retarget-1.0.3.tgz",
      "integrity": "sha512-DVVP6yOsYtwa6WJlGOgayvqD+UvY0Xz6yOzLjcImvIQ2Siy5CA8mDQRaXhUKq46N4juInxDi3FgC1wi1jGAVAg==",
      "license": "MIT",
      "peerDependencies": {
        "@pixiv/three-vrm": ">=2.0.0",
        "three": ">=0.150.0"
      }
    },
    "node_modules/wrap-ansi": {
      "version": "7.0.0",
      "resolved": "https://registry.npmjs.org/wrap-ansi/-/wrap-ansi-7.0.0.tgz",
      "integrity": "sha512-YVGIj2kamLSTxw6NsZjoBxfSwsn0ycdesmc4p+Q21c5zPuZ1pl+NfxVdxPtdHvmNVOQ6XSYG4AUtyt/Fi7D16Q==",
      "license": "MIT",
      "dependencies": {
        "ansi-styles": "^4.0.0",
        "string-width": "^4.1.0",
        "strip-ansi": "^6.0.0"
      },
      "engines": {
        "node": ">=10"
      },
      "funding": {
        "url": "https://github.com/chalk/wrap-ansi?sponsor=1"
      }
    },
    "node_modules/ws": {
      "version": "8.19.0",
      "resolved": "https://registry.npmjs.org/ws/-/ws-8.19.0.tgz",
      "integrity": "sha512-blAT2mjOEIi0ZzruJfIhb3nps74PRWTCz1IjglWEEpQl5XS/UNama6u2/rjFkDDouqr4L67ry+1aGIALViWjDg==",
      "license": "MIT",
      "engines": {
        "node": ">=10.0.0"
      },
      "peerDependencies": {
        "bufferutil": "^4.0.1",
        "utf-8-validate": ">=5.0.2"
      },
      "peerDependenciesMeta": {
        "bufferutil": {
          "optional": true
        },
        "utf-8-validate": {
          "optional": true
        }
      }
    },
    "node_modules/y18n": {
      "version": "5.0.8",
      "resolved": "https://registry.npmjs.org/y18n/-/y18n-5.0.8.tgz",
      "integrity": "sha512-0pfFzegeDWJHJIAmTLRP2DwHjdF5s7jo9tuztdQxAhINCdvS+3nGINqPd00AphqJR/0LhANUS6/+7SCb98YOfA==",
      "license": "ISC",
      "engines": {
        "node": ">=10"
      }
    },
    "node_modules/yargs": {
      "version": "17.7.2",
      "resolved": "https://registry.npmjs.org/yargs/-/yargs-17.7.2.tgz",
      "integrity": "sha512-7dSzzRQ++CKnNI/krKnYRV7JKKPUXMEh61soaHKg9mrWEhzFWhFnxPxGl+69cD1Ou63C13NUPCnmIcrvqCuM6w==",
      "license": "MIT",
      "dependencies": {
        "cliui": "^8.0.1",
        "escalade": "^3.1.1",
        "get-caller-file": "^2.0.5",
        "require-directory": "^2.1.1",
        "string-width": "^4.2.3",
        "y18n": "^5.0.5",
        "yargs-parser": "^21.1.1"
      },
      "engines": {
        "node": ">=12"
      }
    },
    "node_modules/yargs-parser": {
      "version": "21.1.1",
      "resolved": "https://registry.npmjs.org/yargs-parser/-/yargs-parser-21.1.1.tgz",
      "integrity": "sha512-tVpsJW7DdjecAiFpbIB1e3qxIQsE6NoPc5/eTdrbbIC4h0LVsWhnoa3g+m2HclBIujHzsxZ4VJVA+GUuc2/LBw==",
      "license": "ISC",
      "engines": {
        "node": ">=12"
      }
    }
  }
}
